
Microsoft Visual Studio Solution File, Format Version 12.00
# Visual Studio 15
Project("{FAE04EC0-301F-11D3-BF4B-00C04F79EFBC}") = "Assembly-CSharp", "Assembly-CSharp.csproj", "{3BA82B59-4373-2709-D44A-7F20EE553517}"
EndProject
Project("{FAE04EC0-301F-11D3-BF4B-00C04F79EFBC}") = "Assembly-CSharp-Editor", "Assembly-CSharp-Editor.csproj", "{30C574DD-388D-4989-926D-A00A111A56A0}"
EndProject
Global
	GlobalSection(SolutionConfigurationPlatforms) = preSolution
		Debug|Any CPU = Debug|Any CPU
		Release|Any CPU = Release|Any CPU
	EndGlobalSection
	GlobalSection(ProjectConfigurationPlatforms) = postSolution
		{3BA82B59-4373-2709-D44A-7F20EE553517}.Debug|Any CPU.ActiveCfg = Debug|Any CPU
		{3BA82B59-4373-2709-D44A-7F20EE553517}.Debug|Any CPU.Build.0 = Debug|Any CPU
		{3BA82B59-4373-2709-D44A-7F20EE553517}.Release|Any CPU.ActiveCfg = Release|Any CPU
		{3BA82B59-4373-2709-D44A-7F20EE553517}.Release|Any CPU.Build.0 = Release|Any CPU
		{30C574DD-388D-4989-926D-A00A111A56A0}.Debug|Any CPU.ActiveCfg = Debug|Any CPU
		{30C574DD-388D-4989-926D-A00A111A56A0}.Debug|Any CPU.Build.0 = Debug|Any CPU
		{30C574DD-388D-4989-926D-A00A111A56A0}.Release|Any CPU.ActiveCfg = Release|Any CPU
		{30C574DD-388D-4989-926D-A00A111A56A0}.Release|Any CPU.Build.0 = Release|Any CPU
	EndGlobalSection
	GlobalSection(SolutionProperties) = preSolution
		HideSolutionNode = FALSE
	EndGlobalSection
EndGlobal
